{
    "_readme": [
        "This file locks the dependencies of your project to a known state",
        "Read more about it at https://getcomposer.org/doc/01-basic-usage.md#installing-dependencies",
        "This file is @generated automatically"
    ],
    "content-hash": "d22fb4a0bc873cd47cdee08be0e1fda8",
    "packages": [
        {
            "name": "printful/php-api-sdk",
            "version": "v2.2.4",
            "source": {
                "type": "git",
                "url": "https://github.com/printful/php-api-sdk.git",
                "reference": "3fa8736908798c070e3f83474c9cdec27878c3fd"
            },
            "dist": {
                "type": "zip",
                "url": "https://api.github.com/repos/printful/php-api-sdk/zipball/3fa8736908798c070e3f83474c9cdec27878c3fd",
                "reference": "3fa8736908798c070e3f83474c9cdec27878c3fd",
                "shasum": ""
            },
            "require": {
                "ext-curl": "*",
                "ext-json": "*",
                "php": ">=5.4.0"
            },
            "require-dev": {
                "phpunit/phpunit": "^5.7"
            },
            "type": "library",
            "autoload": {
                "psr-4": {
                    "Printful\\": "src/"
                }
            },
            "notification-url": "https://packagist.org/downloads/",
            "authors": [
                {
                    "name": "Printful",
                    "email": "dev@theprintful.com"
                }
            ],
            "description": "Printful API wrapper",
            "time": "2018-07-11T11:31:49+00:00"
        }
    ],
    "packages-dev": [],
    "aliases": [],
    "minimum-stability": "stable",
    "stability-flags": [],
    "prefer-stable": false,
    "prefer-lowest": false,
    "platform": [],
    "platform-dev": []
}
